// !$*UTF8*$!
{
	archiveVersion = 1;
	classes = {
	};
	objectVersion = 48;
	objects = {

/* Begin PBXBuildFile section */
		26E3498D1FD1251D00800DC0 /* MASCompositeConstraint.m in Sources */ = {isa = PBXBuildFile; fileRef = 26E349651FD1251D00800DC0 /* MASCompositeConstraint.m */; };
		26E3498E1FD1251D00800DC0 /* MASConstraint.m in Sources */ = {isa = PBXBuildFile; fileRef = 26E349681FD1251D00800DC0 /* MASConstraint.m */; };
		26E3498F1FD1251D00800DC0 /* MASConstraintMaker.m in Sources */ = {isa = PBXBuildFile; fileRef = 26E3496A1FD1251D00800DC0 /* MASConstraintMaker.m */; };
		26E349901FD1251D00800DC0 /* MASLayoutConstraint.m in Sources */ = {isa = PBXBuildFile; fileRef = 26E3496C1FD1251D00800DC0 /* MASLayoutConstraint.m */; };
		26E349911FD1251D00800DC0 /* MASViewAttribute.m in Sources */ = {isa = PBXBuildFile; fileRef = 26E349701FD1251D00800DC0 /* MASViewAttribute.m */; };
		26E349921FD1251D00800DC0 /* MASViewConstraint.m in Sources */ = {isa = PBXBuildFile; fileRef = 26E349721FD1251D00800DC0 /* MASViewConstraint.m */; };
		26E349931FD1251D00800DC0 /* NSArray+MASAdditions.m in Sources */ = {isa = PBXBuildFile; fileRef = 26E349741FD1251D00800DC0 /* NSArray+MASAdditions.m */; };
		26E349941FD1251D00800DC0 /* NSLayoutConstraint+MASDebugAdditions.m in Sources */ = {isa = PBXBuildFile; fileRef = 26E349771FD1251D00800DC0 /* NSLayoutConstraint+MASDebugAdditions.m */; };
		26E349951FD1251D00800DC0 /* View+MASAdditions.m in Sources */ = {isa = PBXBuildFile; fileRef = 26E349791FD1251D00800DC0 /* View+MASAdditions.m */; };
		26E349961FD1251D00800DC0 /* ViewController+MASAdditions.m in Sources */ = {isa = PBXBuildFile; fileRef = 26E3497C1FD1251D00800DC0 /* ViewController+MASAdditions.m */; };
		26E349971FD1251D00800DC0 /* NSDate+TimeAgo.m in Sources */ = {isa = PBXBuildFile; fileRef = 26E3497F1FD1251D00800DC0 /* NSDate+TimeAgo.m */; };
		26E349981FD1251D00800DC0 /* WCSLabel.m in Sources */ = {isa = PBXBuildFile; fileRef = 26E349821FD1251D00800DC0 /* WCSLabel.m */; };
		26E349991FD1251D00800DC0 /* PickerView.m in Sources */ = {isa = PBXBuildFile; fileRef = 26E349841FD1251D00800DC0 /* PickerView.m */; };
		26E3499A1FD1251D00800DC0 /* RzTextField.m in Sources */ = {isa = PBXBuildFile; fileRef = 26E349861FD1251D00800DC0 /* RzTextField.m */; };
		26E3499B1FD1251D00800DC0 /* WCSTimelineCell.m in Sources */ = {isa = PBXBuildFile; fileRef = 26E349881FD1251D00800DC0 /* WCSTimelineCell.m */; };
		26E3499C1FD1251D00800DC0 /* WCSTimelineModel.m in Sources */ = {isa = PBXBuildFile; fileRef = 26E3498A1FD1251D00800DC0 /* WCSTimelineModel.m */; };
		26E3499D1FD1251D00800DC0 /* YRTextField.m in Sources */ = {isa = PBXBuildFile; fileRef = 26E3498C1FD1251D00800DC0 /* YRTextField.m */; };
		532493271FD0036C00E341A1 /* ServiceCell.m in Sources */ = {isa = PBXBuildFile; fileRef = 532493251FD0036C00E341A1 /* ServiceCell.m */; };
		532493281FD0036C00E341A1 /* ServiceCell.xib in Resources */ = {isa = PBXBuildFile; fileRef = 532493261FD0036C00E341A1 /* ServiceCell.xib */; };
		5324932B1FD00BA500E341A1 /* RecentVisitsController.m in Sources */ = {isa = PBXBuildFile; fileRef = 5324932A1FD00BA500E341A1 /* RecentVisitsController.m */; };
		5324932E1FD00FE000E341A1 /* ServiceModel.m in Sources */ = {isa = PBXBuildFile; fileRef = 5324932D1FD00FE000E341A1 /* ServiceModel.m */; };
		532493311FD01C7800E341A1 /* MenuHeaderView.m in Sources */ = {isa = PBXBuildFile; fileRef = 532493301FD01C7800E341A1 /* MenuHeaderView.m */; };
		532720F61FCA694300A7D494 /* AppDelegate.m in Sources */ = {isa = PBXBuildFile; fileRef = 532720F51FCA694300A7D494 /* AppDelegate.m */; };
		532720FC1FCA694300A7D494 /* Main.storyboard in Resources */ = {isa = PBXBuildFile; fileRef = 532720FA1FCA694300A7D494 /* Main.storyboard */; };
		532720FE1FCA694300A7D494 /* Assets.xcassets in Resources */ = {isa = PBXBuildFile; fileRef = 532720FD1FCA694300A7D494 /* Assets.xcassets */; };
		532721011FCA694300A7D494 /* LaunchScreen.storyboard in Resources */ = {isa = PBXBuildFile; fileRef = 532720FF1FCA694300A7D494 /* LaunchScreen.storyboard */; };
		532721041FCA694300A7D494 /* main.m in Sources */ = {isa = PBXBuildFile; fileRef = 532721031FCA694300A7D494 /* main.m */; };
		532B21391FCEB3D500210506 /* MyFeedBackVC.m in Sources */ = {isa = PBXBuildFile; fileRef = 532B21341FCEB3D500210506 /* MyFeedBackVC.m */; };
		532B213A1FCEB3D500210506 /* MyticketVC.m in Sources */ = {isa = PBXBuildFile; fileRef = 532B21361FCEB3D500210506 /* MyticketVC.m */; };
		532B213B1FCEB3D500210506 /* ScheduceTimeController.m in Sources */ = {isa = PBXBuildFile; fileRef = 532B21371FCEB3D500210506 /* ScheduceTimeController.m */; };
		532B213E1FCEBB4700210506 /* ServiceProvidersController.m in Sources */ = {isa = PBXBuildFile; fileRef = 532B213D1FCEBB4700210506 /* ServiceProvidersController.m */; };
		532B21421FCEC6DF00210506 /* LocationModel.m in Sources */ = {isa = PBXBuildFile; fileRef = 532B21411FCEC6DF00210506 /* LocationModel.m */; };
		53769E211FCA6D59002D1EA7 /* MapsDirectionController.m in Sources */ = {isa = PBXBuildFile; fileRef = 53769E201FCA6D59002D1EA7 /* MapsDirectionController.m */; };
		53769E241FCA6D97002D1EA7 /* LeftMenuController.m in Sources */ = {isa = PBXBuildFile; fileRef = 53769E231FCA6D97002D1EA7 /* LeftMenuController.m */; };
		538F197A1FCD967200BDB2DA /* MakerInfoView.m in Sources */ = {isa = PBXBuildFile; fileRef = 538F19791FCD967200BDB2DA /* MakerInfoView.m */; };
		53BF54C91FCED34700EBFBD9 /* RecentLocationsView.m in Sources */ = {isa = PBXBuildFile; fileRef = 53BF54C81FCED34700EBFBD9 /* RecentLocationsView.m */; };
		53C7769F1FD139310011AF1B /* MyTicketsController.m in Sources */ = {isa = PBXBuildFile; fileRef = 53C7769E1FD139310011AF1B /* MyTicketsController.m */; };
		68CD9267C9E3574E0243F903 /* Pods_Booking.framework in Frameworks */ = {isa = PBXBuildFile; fileRef = BBCCA3CCFC76C4D217AD6ADE /* Pods_Booking.framework */; };
/* End PBXBuildFile section */

/* Begin PBXFileReference section */
		26E349641FD1251D00800DC0 /* MASCompositeConstraint.h */ = {isa = PBXFileReference; fileEncoding = 4; lastKnownFileType = sourcecode.c.h; path = MASCompositeConstraint.h; sourceTree = "<group>"; };
		26E349651FD1251D00800DC0 /* MASCompositeConstraint.m */ = {isa = PBXFileReference; fileEncoding = 4; lastKnownFileType = sourcecode.c.objc; path = MASCompositeConstraint.m; sourceTree = "<group>"; };
		26E349661FD1251D00800DC0 /* MASConstraint+Private.h */ = {isa = PBXFileReference; fileEncoding = 4; lastKnownFileType = sourcecode.c.h; path = "MASConstraint+Private.h"; sourceTree = "<group>"; };
		26E349671FD1251D00800DC0 /* MASConstraint.h */ = {isa = PBXFileReference; fileEncoding = 4; lastKnownFileType = sourcecode.c.h; path = MASConstraint.h; sourceTree = "<group>"; };
		26E349681FD1251D00800DC0 /* MASConstraint.m */ = {isa = PBXFileReference; fileEncoding = 4; lastKnownFileType = sourcecode.c.objc; path = MASConstraint.m; sourceTree = "<group>"; };
		26E349691FD1251D00800DC0 /* MASConstraintMaker.h */ = {isa = PBXFileReference; fileEncoding = 4; lastKnownFileType = sourcecode.c.h; path = MASConstraintMaker.h; sourceTree = "<group>"; };
		26E3496A1FD1251D00800DC0 /* MASConstraintMaker.m */ = {isa = PBXFileReference; fileEncoding = 4; lastKnownFileType = sourcecode.c.objc; path = MASConstraintMaker.m; sourceTree = "<group>"; };
		26E3496B1FD1251D00800DC0 /* MASLayoutConstraint.h */ = {isa = PBXFileReference; fileEncoding = 4; lastKnownFileType = sourcecode.c.h; path = MASLayoutConstraint.h; sourceTree = "<group>"; };
		26E3496C1FD1251D00800DC0 /* MASLayoutConstraint.m */ = {isa = PBXFileReference; fileEncoding = 4; lastKnownFileType = sourcecode.c.objc; path = MASLayoutConstraint.m; sourceTree = "<group>"; };
		26E3496D1FD1251D00800DC0 /* Masonry.h */ = {isa = PBXFileReference; fileEncoding = 4; lastKnownFileType = sourcecode.c.h; path = Masonry.h; sourceTree = "<group>"; };
		26E3496E1FD1251D00800DC0 /* MASUtilities.h */ = {isa = PBXFileReference; fileEncoding = 4; lastKnownFileType = sourcecode.c.h; path = MASUtilities.h; sourceTree = "<group>"; };
		26E3496F1FD1251D00800DC0 /* MASViewAttribute.h */ = {isa = PBXFileReference; fileEncoding = 4; lastKnownFileType = sourcecode.c.h; path = MASViewAttribute.h; sourceTree = "<group>"; };
		26E349701FD1251D00800DC0 /* MASViewAttribute.m */ = {isa = PBXFileReference; fileEncoding = 4; lastKnownFileType = sourcecode.c.objc; path = MASViewAttribute.m; sourceTree = "<group>"; };
		26E349711FD1251D00800DC0 /* MASViewConstraint.h */ = {isa = PBXFileReference; fileEncoding = 4; lastKnownFileType = sourcecode.c.h; path = MASViewConstraint.h; sourceTree = "<group>"; };
		26E349721FD1251D00800DC0 /* MASViewConstraint.m */ = {isa = PBXFileReference; fileEncoding = 4; lastKnownFileType = sourcecode.c.objc; path = MASViewConstraint.m; sourceTree = "<group>"; };
		26E349731FD1251D00800DC0 /* NSArray+MASAdditions.h */ = {isa = PBXFileReference; fileEncoding = 4; lastKnownFileType = sourcecode.c.h; path = "NSArray+MASAdditions.h"; sourceTree = "<group>"; };
		26E349741FD1251D00800DC0 /* NSArray+MASAdditions.m */ = {isa = PBXFileReference; fileEncoding = 4; lastKnownFileType = sourcecode.c.objc; path = "NSArray+MASAdditions.m"; sourceTree = "<group>"; };
		26E349751FD1251D00800DC0 /* NSArray+MASShorthandAdditions.h */ = {isa = PBXFileReference; fileEncoding = 4; lastKnownFileType = sourcecode.c.h; path = "NSArray+MASShorthandAdditions.h"; sourceTree = "<group>"; };
		26E349761FD1251D00800DC0 /* NSLayoutConstraint+MASDebugAdditions.h */ = {isa = PBXFileReference; fileEncoding = 4; lastKnownFileType = sourcecode.c.h; path = "NSLayoutConstraint+MASDebugAdditions.h"; sourceTree = "<group>"; };
		26E349771FD1251D00800DC0 /* NSLayoutConstraint+MASDebugAdditions.m */ = {isa = PBXFileReference; fileEncoding = 4; lastKnownFileType = sourcecode.c.objc; path = "NSLayoutConstraint+MASDebugAdditions.m"; sourceTree = "<group>"; };
		26E349781FD1251D00800DC0 /* View+MASAdditions.h */ = {isa = PBXFileReference; fileEncoding = 4; lastKnownFileType = sourcecode.c.h; path = "View+MASAdditions.h"; sourceTree = "<group>"; };
		26E349791FD1251D00800DC0 /* View+MASAdditions.m */ = {isa = PBXFileReference; fileEncoding = 4; lastKnownFileType = sourcecode.c.objc; path = "View+MASAdditions.m"; sourceTree = "<group>"; };
		26E3497A1FD1251D00800DC0 /* View+MASShorthandAdditions.h */ = {isa = PBXFileReference; fileEncoding = 4; lastKnownFileType = sourcecode.c.h; path = "View+MASShorthandAdditions.h"; sourceTree = "<group>"; };
		26E3497B1FD1251D00800DC0 /* ViewController+MASAdditions.h */ = {isa = PBXFileReference; fileEncoding = 4; lastKnownFileType = sourcecode.c.h; path = "ViewController+MASAdditions.h"; sourceTree = "<group>"; };
		26E3497C1FD1251D00800DC0 /* ViewController+MASAdditions.m */ = {isa = PBXFileReference; fileEncoding = 4; lastKnownFileType = sourcecode.c.objc; path = "ViewController+MASAdditions.m"; sourceTree = "<group>"; };
		26E3497E1FD1251D00800DC0 /* NSDate+TimeAgo.h */ = {isa = PBXFileReference; fileEncoding = 4; lastKnownFileType = sourcecode.c.h; path = "NSDate+TimeAgo.h"; sourceTree = "<group>"; };
		26E3497F1FD1251D00800DC0 /* NSDate+TimeAgo.m */ = {isa = PBXFileReference; fileEncoding = 4; lastKnownFileType = sourcecode.c.objc; path = "NSDate+TimeAgo.m"; sourceTree = "<group>"; };
		26E349811FD1251D00800DC0 /* WCSLabel.h */ = {isa = PBXFileReference; fileEncoding = 4; lastKnownFileType = sourcecode.c.h; path = WCSLabel.h; sourceTree = "<group>"; };
		26E349821FD1251D00800DC0 /* WCSLabel.m */ = {isa = PBXFileReference; fileEncoding = 4; lastKnownFileType = sourcecode.c.objc; path = WCSLabel.m; sourceTree = "<group>"; };
		26E349831FD1251D00800DC0 /* PickerView.h */ = {isa = PBXFileReference; fileEncoding = 4; lastKnownFileType = sourcecode.c.h; path = PickerView.h; sourceTree = "<group>"; };
		26E349841FD1251D00800DC0 /* PickerView.m */ = {isa = PBXFileReference; fileEncoding = 4; lastKnownFileType = sourcecode.c.objc; path = PickerView.m; sourceTree = "<group>"; };
		26E349851FD1251D00800DC0 /* RzTextField.h */ = {isa = PBXFileReference; fileEncoding = 4; lastKnownFileType = sourcecode.c.h; path = RzTextField.h; sourceTree = "<group>"; };
		26E349861FD1251D00800DC0 /* RzTextField.m */ = {isa = PBXFileReference; fileEncoding = 4; lastKnownFileType = sourcecode.c.objc; path = RzTextField.m; sourceTree = "<group>"; };
		26E349871FD1251D00800DC0 /* WCSTimelineCell.h */ = {isa = PBXFileReference; fileEncoding = 4; lastKnownFileType = sourcecode.c.h; path = WCSTimelineCell.h; sourceTree = "<group>"; };
		26E349881FD1251D00800DC0 /* WCSTimelineCell.m */ = {isa = PBXFileReference; fileEncoding = 4; lastKnownFileType = sourcecode.c.objc; path = WCSTimelineCell.m; sourceTree = "<group>"; };
		26E349891FD1251D00800DC0 /* WCSTimelineModel.h */ = {isa = PBXFileReference; fileEncoding = 4; lastKnownFileType = sourcecode.c.h; path = WCSTimelineModel.h; sourceTree = "<group>"; };
		26E3498A1FD1251D00800DC0 /* WCSTimelineModel.m */ = {isa = PBXFileReference; fileEncoding = 4; lastKnownFileType = sourcecode.c.objc; path = WCSTimelineModel.m; sourceTree = "<group>"; };
		26E3498B1FD1251D00800DC0 /* YRTextField.h */ = {isa = PBXFileReference; fileEncoding = 4; lastKnownFileType = sourcecode.c.h; path = YRTextField.h; sourceTree = "<group>"; };
		26E3498C1FD1251D00800DC0 /* YRTextField.m */ = {isa = PBXFileReference; fileEncoding = 4; lastKnownFileType = sourcecode.c.objc; path = YRTextField.m; sourceTree = "<group>"; };
		332FBCB109D5477225E12F07 /* Pods-Booking.release.xcconfig */ = {isa = PBXFileReference; includeInIndex = 1; lastKnownFileType = text.xcconfig; name = "Pods-Booking.release.xcconfig"; path = "Pods/Target Support Files/Pods-Booking/Pods-Booking.release.xcconfig"; sourceTree = "<group>"; };
		3366CDB511AE969B1F94E088 /* Pods-Booking.debug.xcconfig */ = {isa = PBXFileReference; includeInIndex = 1; lastKnownFileType = text.xcconfig; name = "Pods-Booking.debug.xcconfig"; path = "Pods/Target Support Files/Pods-Booking/Pods-Booking.debug.xcconfig"; sourceTree = "<group>"; };
		532493241FD0036B00E341A1 /* ServiceCell.h */ = {isa = PBXFileReference; fileEncoding = 4; lastKnownFileType = sourcecode.c.h; path = ServiceCell.h; sourceTree = "<group>"; };
		532493251FD0036C00E341A1 /* ServiceCell.m */ = {isa = PBXFileReference; fileEncoding = 4; lastKnownFileType = sourcecode.c.objc; path = ServiceCell.m; sourceTree = "<group>"; };
		532493261FD0036C00E341A1 /* ServiceCell.xib */ = {isa = PBXFileReference; fileEncoding = 4; lastKnownFileType = file.xib; path = ServiceCell.xib; sourceTree = "<group>"; };
		532493291FD00BA500E341A1 /* RecentVisitsController.h */ = {isa = PBXFileReference; lastKnownFileType = sourcecode.c.h; path = RecentVisitsController.h; sourceTree = "<group>"; };
		5324932A1FD00BA500E341A1 /* RecentVisitsController.m */ = {isa = PBXFileReference; lastKnownFileType = sourcecode.c.objc; path = RecentVisitsController.m; sourceTree = "<group>"; };
		5324932C1FD00FE000E341A1 /* ServiceModel.h */ = {isa = PBXFileReference; lastKnownFileType = sourcecode.c.h; path = ServiceModel.h; sourceTree = "<group>"; };
		5324932D1FD00FE000E341A1 /* ServiceModel.m */ = {isa = PBXFileReference; lastKnownFileType = sourcecode.c.objc; path = ServiceModel.m; sourceTree = "<group>"; };
		5324932F1FD01C7800E341A1 /* MenuHeaderView.h */ = {isa = PBXFileReference; lastKnownFileType = sourcecode.c.h; path = MenuHeaderView.h; sourceTree = "<group>"; };
		532493301FD01C7800E341A1 /* MenuHeaderView.m */ = {isa = PBXFileReference; lastKnownFileType = sourcecode.c.objc; path = MenuHeaderView.m; sourceTree = "<group>"; };
		532720F11FCA694300A7D494 /* Booking.app */ = {isa = PBXFileReference; explicitFileType = wrapper.application; includeInIndex = 0; path = Booking.app; sourceTree = BUILT_PRODUCTS_DIR; };
		532720F41FCA694300A7D494 /* AppDelegate.h */ = {isa = PBXFileReference; lastKnownFileType = sourcecode.c.h; path = AppDelegate.h; sourceTree = "<group>"; };
		532720F51FCA694300A7D494 /* AppDelegate.m */ = {isa = PBXFileReference; lastKnownFileType = sourcecode.c.objc; path = AppDelegate.m; sourceTree = "<group>"; };
		532720FB1FCA694300A7D494 /* Base */ = {isa = PBXFileReference; lastKnownFileType = file.storyboard; name = Base; path = Base.lproj/Main.storyboard; sourceTree = "<group>"; };
		532720FD1FCA694300A7D494 /* Assets.xcassets */ = {isa = PBXFileReference; lastKnownFileType = folder.assetcatalog; path = Assets.xcassets; sourceTree = "<group>"; };
		532721001FCA694300A7D494 /* Base */ = {isa = PBXFileReference; lastKnownFileType = file.storyboard; name = Base; path = Base.lproj/LaunchScreen.storyboard; sourceTree = "<group>"; };
		532721021FCA694300A7D494 /* Info.plist */ = {isa = PBXFileReference; lastKnownFileType = text.plist.xml; path = Info.plist; sourceTree = "<group>"; };
		532721031FCA694300A7D494 /* main.m */ = {isa = PBXFileReference; lastKnownFileType = sourcecode.c.objc; path = main.m; sourceTree = "<group>"; };
		532B21331FCEB3D400210506 /* MyFeedBackVC.h */ = {isa = PBXFileReference; fileEncoding = 4; lastKnownFileType = sourcecode.c.h; path = MyFeedBackVC.h; sourceTree = "<group>"; };
		532B21341FCEB3D500210506 /* MyFeedBackVC.m */ = {isa = PBXFileReference; fileEncoding = 4; lastKnownFileType = sourcecode.c.objc; path = MyFeedBackVC.m; sourceTree = "<group>"; };
		532B21351FCEB3D500210506 /* MyticketVC.h */ = {isa = PBXFileReference; fileEncoding = 4; lastKnownFileType = sourcecode.c.h; path = MyticketVC.h; sourceTree = "<group>"; };
		532B21361FCEB3D500210506 /* MyticketVC.m */ = {isa = PBXFileReference; fileEncoding = 4; lastKnownFileType = sourcecode.c.objc; path = MyticketVC.m; sourceTree = "<group>"; };
		532B21371FCEB3D500210506 /* ScheduceTimeController.m */ = {isa = PBXFileReference; fileEncoding = 4; lastKnownFileType = sourcecode.c.objc; path = ScheduceTimeController.m; sourceTree = "<group>"; };
		532B21381FCEB3D500210506 /* ScheduceTimeController.h */ = {isa = PBXFileReference; fileEncoding = 4; lastKnownFileType = sourcecode.c.h; path = ScheduceTimeController.h; sourceTree = "<group>"; };
		532B213C1FCEBB4700210506 /* ServiceProvidersController.h */ = {isa = PBXFileReference; lastKnownFileType = sourcecode.c.h; path = ServiceProvidersController.h; sourceTree = "<group>"; };
		532B213D1FCEBB4700210506 /* ServiceProvidersController.m */ = {isa = PBXFileReference; lastKnownFileType = sourcecode.c.objc; path = ServiceProvidersController.m; sourceTree = "<group>"; };
		532B21401FCEC6DF00210506 /* LocationModel.h */ = {isa = PBXFileReference; lastKnownFileType = sourcecode.c.h; path = LocationModel.h; sourceTree = "<group>"; };
		532B21411FCEC6DF00210506 /* LocationModel.m */ = {isa = PBXFileReference; lastKnownFileType = sourcecode.c.objc; path = LocationModel.m; sourceTree = "<group>"; };
		53769E1F1FCA6D59002D1EA7 /* MapsDirectionController.h */ = {isa = PBXFileReference; lastKnownFileType = sourcecode.c.h; path = MapsDirectionController.h; sourceTree = "<group>"; };
		53769E201FCA6D59002D1EA7 /* MapsDirectionController.m */ = {isa = PBXFileReference; lastKnownFileType = sourcecode.c.objc; path = MapsDirectionController.m; sourceTree = "<group>"; };
		53769E221FCA6D97002D1EA7 /* LeftMenuController.h */ = {isa = PBXFileReference; lastKnownFileType = sourcecode.c.h; path = LeftMenuController.h; sourceTree = "<group>"; };
		53769E231FCA6D97002D1EA7 /* LeftMenuController.m */ = {isa = PBXFileReference; lastKnownFileType = sourcecode.c.objc; path = LeftMenuController.m; sourceTree = "<group>"; };
		538F19781FCD967200BDB2DA /* MakerInfoView.h */ = {isa = PBXFileReference; lastKnownFileType = sourcecode.c.h; path = MakerInfoView.h; sourceTree = "<group>"; };
		538F19791FCD967200BDB2DA /* MakerInfoView.m */ = {isa = PBXFileReference; lastKnownFileType = sourcecode.c.objc; path = MakerInfoView.m; sourceTree = "<group>"; };
		53BF54C71FCED34700EBFBD9 /* RecentLocationsView.h */ = {isa = PBXFileReference; lastKnownFileType = sourcecode.c.h; path = RecentLocationsView.h; sourceTree = "<group>"; };
		53BF54C81FCED34700EBFBD9 /* RecentLocationsView.m */ = {isa = PBXFileReference; lastKnownFileType = sourcecode.c.objc; path = RecentLocationsView.m; sourceTree = "<group>"; };
		53C7769D1FD139310011AF1B /* MyTicketsController.h */ = {isa = PBXFileReference; lastKnownFileType = sourcecode.c.h; path = MyTicketsController.h; sourceTree = "<group>"; };
		53C7769E1FD139310011AF1B /* MyTicketsController.m */ = {isa = PBXFileReference; lastKnownFileType = sourcecode.c.objc; path = MyTicketsController.m; sourceTree = "<group>"; };
		BBCCA3CCFC76C4D217AD6ADE /* Pods_Booking.framework */ = {isa = PBXFileReference; explicitFileType = wrapper.framework; includeInIndex = 0; path = Pods_Booking.framework; sourceTree = BUILT_PRODUCTS_DIR; };
/* End PBXFileReference section */

/* Begin PBXFrameworksBuildPhase section */
		532720EE1FCA694300A7D494 /* Frameworks */ = {
			isa = PBXFrameworksBuildPhase;
			buildActionMask = 2147483647;
			files = (
				68CD9267C9E3574E0243F903 /* Pods_Booking.framework in Frameworks */,
			);
			runOnlyForDeploymentPostprocessing = 0;
		};
/* End PBXFrameworksBuildPhase section */

/* Begin PBXGroup section */
		26E349611FD1251D00800DC0 /* WCSTimeline */ = {
			isa = PBXGroup;
			children = (
				26E349621FD1251D00800DC0 /* Dependencies */,
				26E349831FD1251D00800DC0 /* PickerView.h */,
				26E349841FD1251D00800DC0 /* PickerView.m */,
				26E349851FD1251D00800DC0 /* RzTextField.h */,
				26E349861FD1251D00800DC0 /* RzTextField.m */,
				26E349871FD1251D00800DC0 /* WCSTimelineCell.h */,
				26E349881FD1251D00800DC0 /* WCSTimelineCell.m */,
				26E349891FD1251D00800DC0 /* WCSTimelineModel.h */,
				26E3498A1FD1251D00800DC0 /* WCSTimelineModel.m */,
				26E3498B1FD1251D00800DC0 /* YRTextField.h */,
				26E3498C1FD1251D00800DC0 /* YRTextField.m */,
			);
			path = WCSTimeline;
			sourceTree = "<group>";
		};
		26E349621FD1251D00800DC0 /* Dependencies */ = {
			isa = PBXGroup;
			children = (
				26E349631FD1251D00800DC0 /* Masonry */,
				26E3497D1FD1251D00800DC0 /* NSDate+TimeAgo */,
				26E349801FD1251D00800DC0 /* WCSLabel */,
			);
			path = Dependencies;
			sourceTree = "<group>";
		};
		26E349631FD1251D00800DC0 /* Masonry */ = {
			isa = PBXGroup;
			children = (
				26E349641FD1251D00800DC0 /* MASCompositeConstraint.h */,
				26E349651FD1251D00800DC0 /* MASCompositeConstraint.m */,
				26E349661FD1251D00800DC0 /* MASConstraint+Private.h */,
				26E349671FD1251D00800DC0 /* MASConstraint.h */,
				26E349681FD1251D00800DC0 /* MASConstraint.m */,
				26E349691FD1251D00800DC0 /* MASConstraintMaker.h */,
				26E3496A1FD1251D00800DC0 /* MASConstraintMaker.m */,
				26E3496B1FD1251D00800DC0 /* MASLayoutConstraint.h */,
				26E3496C1FD1251D00800DC0 /* MASLayoutConstraint.m */,
				26E3496D1FD1251D00800DC0 /* Masonry.h */,
				26E3496E1FD1251D00800DC0 /* MASUtilities.h */,
				26E3496F1FD1251D00800DC0 /* MASViewAttribute.h */,
				26E349701FD1251D00800DC0 /* MASViewAttribute.m */,
				26E349711FD1251D00800DC0 /* MASViewConstraint.h */,
				26E349721FD1251D00800DC0 /* MASViewConstraint.m */,
				26E349731FD1251D00800DC0 /* NSArray+MASAdditions.h */,
				26E349741FD1251D00800DC0 /* NSArray+MASAdditions.m */,
				26E349751FD1251D00800DC0 /* NSArray+MASShorthandAdditions.h */,
				26E349761FD1251D00800DC0 /* NSLayoutConstraint+MASDebugAdditions.h */,
				26E349771FD1251D00800DC0 /* NSLayoutConstraint+MASDebugAdditions.m */,
				26E349781FD1251D00800DC0 /* View+MASAdditions.h */,
				26E349791FD1251D00800DC0 /* View+MASAdditions.m */,
				26E3497A1FD1251D00800DC0 /* View+MASShorthandAdditions.h */,
				26E3497B1FD1251D00800DC0 /* ViewController+MASAdditions.h */,
				26E3497C1FD1251D00800DC0 /* ViewController+MASAdditions.m */,
			);
			path = Masonry;
			sourceTree = "<group>";
		};
		26E3497D1FD1251D00800DC0 /* NSDate+TimeAgo */ = {
			isa = PBXGroup;
			children = (
				26E3497E1FD1251D00800DC0 /* NSDate+TimeAgo.h */,
				26E3497F1FD1251D00800DC0 /* NSDate+TimeAgo.m */,
			);
			path = "NSDate+TimeAgo";
			sourceTree = "<group>";
		};
		26E349801FD1251D00800DC0 /* WCSLabel */ = {
			isa = PBXGroup;
			children = (
				26E349811FD1251D00800DC0 /* WCSLabel.h */,
				26E349821FD1251D00800DC0 /* WCSLabel.m */,
			);
			path = WCSLabel;
			sourceTree = "<group>";
		};
		407CA06B74CA37615DFB7B7E /* Pods */ = {
			isa = PBXGroup;
			children = (
				3366CDB511AE969B1F94E088 /* Pods-Booking.debug.xcconfig */,
				332FBCB109D5477225E12F07 /* Pods-Booking.release.xcconfig */,
			);
			name = Pods;
			sourceTree = "<group>";
		};
		532720E81FCA694300A7D494 = {
			isa = PBXGroup;
			children = (
				532720F31FCA694300A7D494 /* Booking */,
				532720F21FCA694300A7D494 /* Products */,
				407CA06B74CA37615DFB7B7E /* Pods */,
				681B746E58F33580337505D6 /* Frameworks */,
			);
			sourceTree = "<group>";
		};
		532720F21FCA694300A7D494 /* Products */ = {
			isa = PBXGroup;
			children = (
				532720F11FCA694300A7D494 /* Booking.app */,
			);
			name = Products;
			sourceTree = "<group>";
		};
		532720F31FCA694300A7D494 /* Booking */ = {
			isa = PBXGroup;
			children = (
				26E349611FD1251D00800DC0 /* WCSTimeline */,
				532B213F1FCEC6AD00210506 /* Models */,
				538F19771FCD964400BDB2DA /* Views */,
				53769E1E1FCA6D15002D1EA7 /* Controllers */,
				532720F41FCA694300A7D494 /* AppDelegate.h */,
				532720F51FCA694300A7D494 /* AppDelegate.m */,
				532720FA1FCA694300A7D494 /* Main.storyboard */,
				532720FD1FCA694300A7D494 /* Assets.xcassets */,
				532720FF1FCA694300A7D494 /* LaunchScreen.storyboard */,
				532721021FCA694300A7D494 /* Info.plist */,
				532721031FCA694300A7D494 /* main.m */,
			);
			path = Booking;
			sourceTree = "<group>";
		};
		532B213F1FCEC6AD00210506 /* Models */ = {
			isa = PBXGroup;
			children = (
				532B21401FCEC6DF00210506 /* LocationModel.h */,
				532B21411FCEC6DF00210506 /* LocationModel.m */,
				5324932C1FD00FE000E341A1 /* ServiceModel.h */,
				5324932D1FD00FE000E341A1 /* ServiceModel.m */,
			);
			path = Models;
			sourceTree = "<group>";
		};
		53769E1E1FCA6D15002D1EA7 /* Controllers */ = {
			isa = PBXGroup;
			children = (
				532B21331FCEB3D400210506 /* MyFeedBackVC.h */,
				532B21341FCEB3D500210506 /* MyFeedBackVC.m */,
				532B21351FCEB3D500210506 /* MyticketVC.h */,
				532B21361FCEB3D500210506 /* MyticketVC.m */,
				532B21381FCEB3D500210506 /* ScheduceTimeController.h */,
				532B21371FCEB3D500210506 /* ScheduceTimeController.m */,
				53769E1F1FCA6D59002D1EA7 /* MapsDirectionController.h */,
				53769E201FCA6D59002D1EA7 /* MapsDirectionController.m */,
				53769E221FCA6D97002D1EA7 /* LeftMenuController.h */,
				53769E231FCA6D97002D1EA7 /* LeftMenuController.m */,
				532B213C1FCEBB4700210506 /* ServiceProvidersController.h */,
				532B213D1FCEBB4700210506 /* ServiceProvidersController.m */,
				532493291FD00BA500E341A1 /* RecentVisitsController.h */,
				5324932A1FD00BA500E341A1 /* RecentVisitsController.m */,
				53C7769D1FD139310011AF1B /* MyTicketsController.h */,
				53C7769E1FD139310011AF1B /* MyTicketsController.m */,
			);
			path = Controllers;
			sourceTree = "<group>";
		};
		538F19771FCD964400BDB2DA /* Views */ = {
			isa = PBXGroup;
			children = (
				5324932F1FD01C7800E341A1 /* MenuHeaderView.h */,
				532493301FD01C7800E341A1 /* MenuHeaderView.m */,
				532493241FD0036B00E341A1 /* ServiceCell.h */,
				532493251FD0036C00E341A1 /* ServiceCell.m */,
				532493261FD0036C00E341A1 /* ServiceCell.xib */,
				53BF54C71FCED34700EBFBD9 /* RecentLocationsView.h */,
				53BF54C81FCED34700EBFBD9 /* RecentLocationsView.m */,
				538F19781FCD967200BDB2DA /* MakerInfoView.h */,
				538F19791FCD967200BDB2DA /* MakerInfoView.m */,
			);
			path = Views;
			sourceTree = "<group>";
		};
		681B746E58F33580337505D6 /* Frameworks */ = {
			isa = PBXGroup;
			children = (
				BBCCA3CCFC76C4D217AD6ADE /* Pods_Booking.framework */,
			);
			name = Frameworks;
			sourceTree = "<group>";
		};
/* End PBXGroup section */

/* Begin PBXNativeTarget section */
		532720F01FCA694300A7D494 /* Booking */ = {
			isa = PBXNativeTarget;
			buildConfigurationList = 532721071FCA694300A7D494 /* Build configuration list for PBXNativeTarget "Booking" */;
			buildPhases = (
				095B988B12E3A417D0CAEC56 /* [CP] Check Pods Manifest.lock */,
				532720ED1FCA694300A7D494 /* Sources */,
				532720EE1FCA694300A7D494 /* Frameworks */,
				532720EF1FCA694300A7D494 /* Resources */,
				94A432EE276C8CF153D26194 /* [CP] Embed Pods Frameworks */,
				400A51CBC47CDA1ECCC6A081 /* [CP] Copy Pods Resources */,
			);
			buildRules = (
			);
			dependencies = (
			);
			name = Booking;
			productName = Booking;
			productReference = 532720F11FCA694300A7D494 /* Booking.app */;
			productType = "com.apple.product-type.application";
		};
/* End PBXNativeTarget section */

/* Begin PBXProject section */
		532720E91FCA694300A7D494 /* Project object */ = {
			isa = PBXProject;
			attributes = {
				LastUpgradeCheck = 0910;
				ORGANIZATIONNAME = "Cau Ca";
				TargetAttributes = {
					532720F01FCA694300A7D494 = {
						CreatedOnToolsVersion = 9.1;
						ProvisioningStyle = Automatic;
						SystemCapabilities = {
							com.apple.Maps.iOS = {
								enabled = 0;
							};
						};
					};
				};
			};
			buildConfigurationList = 532720EC1FCA694300A7D494 /* Build configuration list for PBXProject "Booking" */;
			compatibilityVersion = "Xcode 8.0";
			developmentRegion = en;
			hasScannedForEncodings = 0;
			knownRegions = (
				en,
				Base,
			);
			mainGroup = 532720E81FCA694300A7D494;
			productRefGroup = 532720F21FCA694300A7D494 /* Products */;
			projectDirPath = "";
			projectRoot = "";
			targets = (
				532720F01FCA694300A7D494 /* Booking */,
			);
		};
/* End PBXProject section */

/* Begin PBXResourcesBuildPhase section */
		532720EF1FCA694300A7D494 /* Resources */ = {
			isa = PBXResourcesBuildPhase;
			buildActionMask = 2147483647;
			files = (
				532721011FCA694300A7D494 /* LaunchScreen.storyboard in Resources */,
				532493281FD0036C00E341A1 /* ServiceCell.xib in Resources */,
				532720FE1FCA694300A7D494 /* Assets.xcassets in Resources */,
				532720FC1FCA694300A7D494 /* Main.storyboard in Resources */,
			);
			runOnlyForDeploymentPostprocessing = 0;
		};
/* End PBXResourcesBuildPhase section */

/* Begin PBXShellScriptBuildPhase section */
		095B988B12E3A417D0CAEC56 /* [CP] Check Pods Manifest.lock */ = {
			isa = PBXShellScriptBuildPhase;
			buildActionMask = 2147483647;
			files = (
			);
			inputPaths = (
				"${PODS_PODFILE_DIR_PATH}/Podfile.lock",
				"${PODS_ROOT}/Manifest.lock",
			);
			name = "[CP] Check Pods Manifest.lock";
			outputPaths = (
				"$(DERIVED_FILE_DIR)/Pods-Booking-checkManifestLockResult.txt",
			);
			runOnlyForDeploymentPostprocessing = 0;
			shellPath = /bin/sh;
			shellScript = "diff \"${PODS_PODFILE_DIR_PATH}/Podfile.lock\" \"${PODS_ROOT}/Manifest.lock\" > /dev/null\nif [ $? != 0 ] ; then\n    # print error to STDERR\n    echo \"error: The sandbox is not in sync with the Podfile.lock. Run 'pod install' or update your CocoaPods installation.\" >&2\n    exit 1\nfi\n# This output is used by Xcode 'outputs' to avoid re-running this script phase.\necho \"SUCCESS\" > \"${SCRIPT_OUTPUT_FILE_0}\"\n";
			showEnvVarsInLog = 0;
		};
		400A51CBC47CDA1ECCC6A081 /* [CP] Copy Pods Resources */ = {
			isa = PBXShellScriptBuildPhase;
			buildActionMask = 2147483647;
			files = (
			);
			inputPaths = (
				"${SRCROOT}/Pods/Target Support Files/Pods-Booking/Pods-Booking-resources.sh",
				"${PODS_ROOT}/GoogleMaps/Maps/Frameworks/GoogleMaps.framework/Resources/GoogleMaps.bundle",
				"${PODS_ROOT}/GooglePlaces/Frameworks/GooglePlaces.framework/Resources/GooglePlaces.bundle",
			);
			name = "[CP] Copy Pods Resources";
			outputPaths = (
				"${TARGET_BUILD_DIR}/${UNLOCALIZED_RESOURCES_FOLDER_PATH}",
			);
			runOnlyForDeploymentPostprocessing = 0;
			shellPath = /bin/sh;
			shellScript = "\"${SRCROOT}/Pods/Target Support Files/Pods-Booking/Pods-Booking-resources.sh\"\n";
			showEnvVarsInLog = 0;
		};
		94A432EE276C8CF153D26194 /* [CP] Embed Pods Frameworks */ = {
			isa = PBXShellScriptBuildPhase;
			buildActionMask = 2147483647;
			files = (
			);
			inputPaths = (
				"${SRCROOT}/Pods/Target Support Files/Pods-Booking/Pods-Booking-frameworks.sh",
				"${BUILT_PRODUCTS_DIR}/FontAwesomeKit/FontAwesomeKit.framework",
				"${BUILT_PRODUCTS_DIR}/HCSStarRatingView/HCSStarRatingView.framework",
				"${BUILT_PRODUCTS_DIR}/IQKeyboardManager/IQKeyboardManager.framework",
				"${BUILT_PRODUCTS_DIR}/Masonry/Masonry.framework",
				"${BUILT_PRODUCTS_DIR}/NSString+Color/NSString_Color.framework",
				"${BUILT_PRODUCTS_DIR}/STPopup/STPopup.framework",
				"${BUILT_PRODUCTS_DIR}/SVProgressHUD/SVProgressHUD.framework",
				"${BUILT_PRODUCTS_DIR}/SlideMenuControllerOC/SlideMenuControllerOC.framework",
				"${BUILT_PRODUCTS_DIR}/XLForm/XLForm.framework",
			);
			name = "[CP] Embed Pods Frameworks";
			outputPaths = (
				"${TARGET_BUILD_DIR}/${FRAMEWORKS_FOLDER_PATH}/FontAwesomeKit.framework",
				"${TARGET_BUILD_DIR}/${FRAMEWORKS_FOLDER_PATH}/HCSStarRatingView.framework",
				"${TARGET_BUILD_DIR}/${FRAMEWORKS_FOLDER_PATH}/IQKeyboardManager.framework",
				"${TARGET_BUILD_DIR}/${FRAMEWORKS_FOLDER_PATH}/Masonry.framework",
				"${TARGET_BUILD_DIR}/${FRAMEWORKS_FOLDER_PATH}/NSString_Color.framework",
				"${TARGET_BUILD_DIR}/${FRAMEWORKS_FOLDER_PATH}/STPopup.framework",
				"${TARGET_BUILD_DIR}/${FRAMEWORKS_FOLDER_PATH}/SVProgressHUD.framework",
				"${TARGET_BUILD_DIR}/${FRAMEWORKS_FOLDER_PATH}/SlideMenuControllerOC.framework",
				"${TARGET_BUILD_DIR}/${FRAMEWORKS_FOLDER_PATH}/XLForm.framework",
			);
			runOnlyForDeploymentPostprocessing = 0;
			shellPath = /bin/sh;
			shellScript = "\"${SRCROOT}/Pods/Target Support Files/Pods-Booking/Pods-Booking-frameworks.sh\"\n";
			showEnvVarsInLog = 0;
		};
/* End PBXShellScriptBuildPhase section */

/* Begin PBXSourcesBuildPhase section */
		532720ED1FCA694300A7D494 /* Sources */ = {
			isa = PBXSourcesBuildPhase;
			buildActionMask = 2147483647;
			files = (
				26E3499D1FD1251D00800DC0 /* YRTextField.m in Sources */,
				53769E211FCA6D59002D1EA7 /* MapsDirectionController.m in Sources */,
				532B21391FCEB3D500210506 /* MyFeedBackVC.m in Sources */,
				53C7769F1FD139310011AF1B /* MyTicketsController.m in Sources */,
				26E349931FD1251D00800DC0 /* NSArray+MASAdditions.m in Sources */,
				26E3499A1FD1251D00800DC0 /* RzTextField.m in Sources */,
				26E349951FD1251D00800DC0 /* View+MASAdditions.m in Sources */,
				26E3499B1FD1251D00800DC0 /* WCSTimelineCell.m in Sources */,
				532B213B1FCEB3D500210506 /* ScheduceTimeController.m in Sources */,
				26E349921FD1251D00800DC0 /* MASViewConstraint.m in Sources */,
				26E349981FD1251D00800DC0 /* WCSLabel.m in Sources */,
				5324932B1FD00BA500E341A1 /* RecentVisitsController.m in Sources */,
				532721041FCA694300A7D494 /* main.m in Sources */,
				26E349971FD1251D00800DC0 /* NSDate+TimeAgo.m in Sources */,
				532720F61FCA694300A7D494 /* AppDelegate.m in Sources */,
				532493271FD0036C00E341A1 /* ServiceCell.m in Sources */,
				538F197A1FCD967200BDB2DA /* MakerInfoView.m in Sources */,
				532B21421FCEC6DF00210506 /* LocationModel.m in Sources */,
				26E349911FD1251D00800DC0 /* MASViewAttribute.m in Sources */,
				26E349901FD1251D00800DC0 /* MASLayoutConstraint.m in Sources */,
				26E3498D1FD1251D00800DC0 /* MASCompositeConstraint.m in Sources */,
				532493311FD01C7800E341A1 /* MenuHeaderView.m in Sources */,
				53769E241FCA6D97002D1EA7 /* LeftMenuController.m in Sources */,
				26E349941FD1251D00800DC0 /* NSLayoutConstraint+MASDebugAdditions.m in Sources */,
				532B213A1FCEB3D500210506 /* MyticketVC.m in Sources */,
				26E3498F1FD1251D00800DC0 /* MASConstraintMaker.m in Sources */,
				26E3499C1FD1251D00800DC0 /* WCSTimelineModel.m in Sources */,
				26E349991FD1251D00800DC0 /* PickerView.m in Sources */,
				26E349961FD1251D00800DC0 /* ViewController+MASAdditions.m in Sources */,
				53BF54C91FCED34700EBFBD9 /* RecentLocationsView.m in Sources */,
				532B213E1FCEBB4700210506 /* ServiceProvidersController.m in Sources */,
				26E3498E1FD1251D00800DC0 /* MASConstraint.m in Sources */,
				5324932E1FD00FE000E341A1 /* ServiceModel.m in Sources */,
			);
			runOnlyForDeploymentPostprocessing = 0;
		};
/* End PBXSourcesBuildPhase section */

/* Begin PBXVariantGroup section */
		532720FA1FCA694300A7D494 /* Main.storyboard */ = {
			isa = PBXVariantGroup;
			children = (
				532720FB1FCA694300A7D494 /* Base */,
			);
			name = Main.storyboard;
			sourceTree = "<group>";
		};
		532720FF1FCA694300A7D494 /* LaunchScreen.storyboard */ = {
			isa = PBXVariantGroup;
			children = (
				532721001FCA694300A7D494 /* Base */,
			);
			name = LaunchScreen.storyboard;
			sourceTree = "<group>";
		};
/* End PBXVariantGroup section */

/* Begin XCBuildConfiguration section */
		532721051FCA694300A7D494 /* Debug */ = {
			isa = XCBuildConfiguration;
			buildSettings = {
				ALWAYS_SEARCH_USER_PATHS = NO;
				CLANG_ANALYZER_NONNULL = YES;
				CLANG_ANALYZER_NUMBER_OBJECT_CONVERSION = YES_AGGRESSIVE;
				CLANG_CXX_LANGUAGE_STANDARD = "gnu++14";
				CLANG_CXX_LIBRARY = "libc++";
				CLANG_ENABLE_MODULES = YES;
				CLANG_ENABLE_OBJC_ARC = YES;
				CLANG_WARN_BLOCK_CAPTURE_AUTORELEASING = YES;
				CLANG_WARN_BOOL_CONVERSION = YES;
				CLANG_WARN_COMMA = YES;
				CLANG_WARN_CONSTANT_CONVERSION = YES;
				CLANG_WARN_DIRECT_OBJC_ISA_USAGE = YES_ERROR;
				CLANG_WARN_DOCUMENTATION_COMMENTS = YES;
				CLANG_WARN_EMPTY_BODY = YES;
				CLANG_WARN_ENUM_CONVERSION = YES;
				CLANG_WARN_INFINITE_RECURSION = YES;
				CLANG_WARN_INT_CONVERSION = YES;
				CLANG_WARN_NON_LITERAL_NULL_CONVERSION = YES;
				CLANG_WARN_OBJC_LITERAL_CONVERSION = YES;
				CLANG_WARN_OBJC_ROOT_CLASS = YES_ERROR;
				CLANG_WARN_RANGE_LOOP_ANALYSIS = YES;
				CLANG_WARN_STRICT_PROTOTYPES = YES;
				CLANG_WARN_SUSPICIOUS_MOVE = YES;
				CLANG_WARN_UNGUARDED_AVAILABILITY = YES_AGGRESSIVE;
				CLANG_WARN_UNREACHABLE_CODE = YES;
				CLANG_WARN__DUPLICATE_METHOD_MATCH = YES;
				CODE_SIGN_IDENTITY = "iPhone Developer";
				COPY_PHASE_STRIP = NO;
				DEBUG_INFORMATION_FORMAT = dwarf;
				ENABLE_STRICT_OBJC_MSGSEND = YES;
				ENABLE_TESTABILITY = YES;
				GCC_C_LANGUAGE_STANDARD = gnu11;
				GCC_DYNAMIC_NO_PIC = NO;
				GCC_NO_COMMON_BLOCKS = YES;
				GCC_OPTIMIZATION_LEVEL = 0;
				GCC_PREPROCESSOR_DEFINITIONS = (
					"DEBUG=1",
					"$(inherited)",
				);
				GCC_WARN_64_TO_32_BIT_CONVERSION = YES;
				GCC_WARN_ABOUT_RETURN_TYPE = YES_ERROR;
				GCC_WARN_UNDECLARED_SELECTOR = YES;
				GCC_WARN_UNINITIALIZED_AUTOS = YES_AGGRESSIVE;
				GCC_WARN_UNUSED_FUNCTION = YES;
				GCC_WARN_UNUSED_VARIABLE = YES;
				IPHONEOS_DEPLOYMENT_TARGET = 11.1;
				MTL_ENABLE_DEBUG_INFO = YES;
				ONLY_ACTIVE_ARCH = YES;
				SDKROOT = iphoneos;
			};
			name = Debug;
		};
		532721061FCA694300A7D494 /* Release */ = {
			isa = XCBuildConfiguration;
			buildSettings = {
				ALWAYS_SEARCH_USER_PATHS = NO;
				CLANG_ANALYZER_NONNULL = YES;
				CLANG_ANALYZER_NUMBER_OBJECT_CONVERSION = YES_AGGRESSIVE;
				CLANG_CXX_LANGUAGE_STANDARD = "gnu++14";
				CLANG_CXX_LIBRARY = "libc++";
				CLANG_ENABLE_MODULES = YES;
				CLANG_ENABLE_OBJC_ARC = YES;
				CLANG_WARN_BLOCK_CAPTURE_AUTORELEASING = YES;
				CLANG_WARN_BOOL_CONVERSION = YES;
				CLANG_WARN_COMMA = YES;
				CLANG_WARN_CONSTANT_CONVERSION = YES;
				CLANG_WARN_DIRECT_OBJC_ISA_USAGE = YES_ERROR;
				CLANG_WARN_DOCUMENTATION_COMMENTS = YES;
				CLANG_WARN_EMPTY_BODY = YES;
				CLANG_WARN_ENUM_CONVERSION = YES;
				CLANG_WARN_INFINITE_RECURSION = YES;
				CLANG_WARN_INT_CONVERSION = YES;
				CLANG_WARN_NON_LITERAL_NULL_CONVERSION = YES;
				CLANG_WARN_OBJC_LITERAL_CONVERSION = YES;
				CLANG_WARN_OBJC_ROOT_CLASS = YES_ERROR;
				CLANG_WARN_RANGE_LOOP_ANALYSIS = YES;
				CLANG_WARN_STRICT_PROTOTYPES = YES;
				CLANG_WARN_SUSPICIOUS_MOVE = YES;
				CLANG_WARN_UNGUARDED_AVAILABILITY = YES_AGGRESSIVE;
				CLANG_WARN_UNREACHABLE_CODE = YES;
				CLANG_WARN__DUPLICATE_METHOD_MATCH = YES;
				CODE_SIGN_IDENTITY = "iPhone Developer";
				COPY_PHASE_STRIP = NO;
				DEBUG_INFORMATION_FORMAT = "dwarf-with-dsym";
				ENABLE_NS_ASSERTIONS = NO;
				ENABLE_STRICT_OBJC_MSGSEND = YES;
				GCC_C_LANGUAGE_STANDARD = gnu11;
				GCC_NO_COMMON_BLOCKS = YES;
				GCC_WARN_64_TO_32_BIT_CONVERSION = YES;
				GCC_WARN_ABOUT_RETURN_TYPE = YES_ERROR;
				GCC_WARN_UNDECLARED_SELECTOR = YES;
				GCC_WARN_UNINITIALIZED_AUTOS = YES_AGGRESSIVE;
				GCC_WARN_UNUSED_FUNCTION = YES;
				GCC_WARN_UNUSED_VARIABLE = YES;
				IPHONEOS_DEPLOYMENT_TARGET = 11.1;
				MTL_ENABLE_DEBUG_INFO = NO;
				SDKROOT = iphoneos;
				VALIDATE_PRODUCT = YES;
			};
			name = Release;
		};
		532721081FCA694300A7D494 /* Debug */ = {
			isa = XCBuildConfiguration;
			baseConfigurationReference = 3366CDB511AE969B1F94E088 /* Pods-Booking.debug.xcconfig */;
			buildSettings = {
				ASSETCATALOG_COMPILER_APPICON_NAME = AppIcon;
				CODE_SIGN_IDENTITY = "iPhone Developer: Nguyen Tuan Ngoc (6E4YPX6ZHR)";
				"CODE_SIGN_IDENTITY[sdk=iphoneos*]" = "iPhone Developer";
				CODE_SIGN_STYLE = Automatic;
				DEVELOPMENT_TEAM = V32J3679XT;
				INFOPLIST_FILE = Booking/Info.plist;
				LD_RUNPATH_SEARCH_PATHS = "$(inherited) @executable_path/Frameworks";
				PRODUCT_BUNDLE_IDENTIFIER = com.mapdirection;
				PRODUCT_NAME = "$(TARGET_NAME)";
				PROVISIONING_PROFILE = "";
				PROVISIONING_PROFILE_SPECIFIER = "";
				TARGETED_DEVICE_FAMILY = "1,2";
			};
			name = Debug;
		};
		532721091FCA694300A7D494 /* Release */ = {
			isa = XCBuildConfiguration;
			baseConfigurationReference = 332FBCB109D5477225E12F07 /* Pods-Booking.release.xcconfig */;
			buildSettings = {
				ASSETCATALOG_COMPILER_APPICON_NAME = AppIcon;
				CODE_SIGN_IDENTITY = "iPhone Developer: Nguyen Tuan Ngoc (6E4YPX6ZHR)";
				"CODE_SIGN_IDENTITY[sdk=iphoneos*]" = "iPhone Developer";
				CODE_SIGN_STYLE = Automatic;
				DEVELOPMENT_TEAM = V32J3679XT;
				INFOPLIST_FILE = Booking/Info.plist;
				LD_RUNPATH_SEARCH_PATHS = "$(inherited) @executable_path/Frameworks";
				PRODUCT_BUNDLE_IDENTIFIER = com.mapdirection;
				PRODUCT_NAME = "$(TARGET_NAME)";
				PROVISIONING_PROFILE_SPECIFIER = "";
				TARGETED_DEVICE_FAMILY = "1,2";
			};
			name = Release;
		};
/* End XCBuildConfiguration section */

/* Begin XCConfigurationList section */
		532720EC1FCA694300A7D494 /* Build configuration list for PBXProject "Booking" */ = {
			isa = XCConfigurationList;
			buildConfigurations = (
				532721051FCA694300A7D494 /* Debug */,
				532721061FCA694300A7D494 /* Release */,
			);
			defaultConfigurationIsVisible = 0;
			defaultConfigurationName = Release;
		};
		532721071FCA694300A7D494 /* Build configuration list for PBXNativeTarget "Booking" */ = {
			isa = XCConfigurationList;
			buildConfigurations = (
				532721081FCA694300A7D494 /* Debug */,
				532721091FCA694300A7D494 /* Release */,
			);
			defaultConfigurationIsVisible = 0;
			defaultConfigurationName = Release;
		};
/* End XCConfigurationList section */
	};
	rootObject = 532720E91FCA694300A7D494 /* Project object */;
}
